version = 1
revision = 1
requires-python = ">=3.9"

[options]
exclude-newer = "2025-03-17T00:00:00Z"

[[package]]
name = "attrs"
version = "23.2.0"
source = { registry = "https://pypi.org/simple" }
sdist = { url = "https://files.pythonhosted.org/packages/e3/fc/f800d51204003fa8ae392c4e8278f256206e7a919b708eef054f5f4b650d/attrs-23.2.0.tar.gz", hash = "sha256:935dc3b529c262f6cf76e50877d35a4bd3c1de194fd41f47a2b7ae8f19971f30", size = 780820 }
wheels = [
    { url = "https://files.pythonhosted.org/packages/e0/44/827b2a91a5816512fcaf3cc4ebc465ccd5d598c45cefa6703fcf4a79018f/attrs-23.2.0-py3-none-any.whl", hash = "sha256:99b87a485a5820b23b879f04c2305b44b951b502fd64be915879d77a7e8fc6f1", size = 60752 },
]

[[package]]
name = "cattrs"
version = "23.2.3"
source = { registry = "https://pypi.org/simple" }
dependencies = [
    { name = "attrs" },
    { name = "exceptiongroup", marker = "python_full_version < '3.11'" },
    { name = "typing-extensions", marker = "python_full_version < '3.11'" },
]
sdist = { url = "https://files.pythonhosted.org/packages/1e/57/c6ccd22658c4bcb3beb3f1c262e1f170cf136e913b122763d0ddd328d284/cattrs-23.2.3.tar.gz", hash = "sha256:a934090d95abaa9e911dac357e3a8699e0b4b14f8529bcc7d2b1ad9d51672b9f", size = 610215 }
wheels = [
    { url = "https://files.pythonhosted.org/packages/b3/0d/cd4a4071c7f38385dc5ba91286723b4d1090b87815db48216212c6c6c30e/cattrs-23.2.3-py3-none-any.whl", hash = "sha256:0341994d94971052e9ee70662542699a3162ea1e0c62f7ce1b4a57f563685108", size = 57474 },
]

[[package]]
name = "certifi"
version = "2024.7.4"
source = { registry = "https://pypi.org/simple" }
sdist = { url = "https://files.pythonhosted.org/packages/c2/02/a95f2b11e207f68bc64d7aae9666fed2e2b3f307748d5123dffb72a1bbea/certifi-2024.7.4.tar.gz", hash = "sha256:5a1e7645bc0ec61a09e26c36f6106dd4cf40c6db3a1fb6352b0244e7fb057c7b", size = 164065 }
wheels = [
    { url = "https://files.pythonhosted.org/packages/1c/d5/c84e1a17bf61d4df64ca866a1c9a913874b4e9bdc131ec689a0ad013fb36/certifi-2024.7.4-py3-none-any.whl", hash = "sha256:c198e21b1289c2ab85ee4e67bb4b4ef3ead0892059901a8d5b622f24a1101e90", size = 162960 },
]

[[package]]
name = "charset-normalizer"
version = "2.0.4"
source = { registry = "https://pypi.org/simple" }
sdist = { url = "https://files.pythonhosted.org/packages/e7/4e/2af0238001648ded297fb54ceb425ca26faa15b341b4fac5371d3938666e/charset-normalizer-2.0.4.tar.gz", hash = "sha256:f23667ebe1084be45f6ae0538e4a5a865206544097e4e8bbcacf42cd02a348f3", size = 345968 }
wheels = [
    { url = "https://files.pythonhosted.org/packages/33/53/b7f6126a2b9fd878b025fe3c40266cfaad696f312165008ce045bffa3fe7/charset_normalizer-2.0.4-py3-none-any.whl", hash = "sha256:0c8911edd15d19223366a194a513099a302055a962bca2cec0f54b8b63175d8b", size = 36415 },
]

[[package]]
name = "exceptiongroup"
version = "1.2.0"
source = { registry = "https://pypi.org/simple" }
sdist = { url = "https://files.pythonhosted.org/packages/8e/1c/beef724eaf5b01bb44b6338c8c3494eff7cab376fab4904cfbbc3585dc79/exceptiongroup-1.2.0.tar.gz", hash = "sha256:91f5c769735f051a4290d52edd0858999b57e5876e9f85937691bd4c9fa3ed68", size = 26264 }
wheels = [
    { url = "https://files.pythonhosted.org/packages/b8/9a/5028fd52db10e600f1c4674441b968cf2ea4959085bfb5b99fb1250e5f68/exceptiongroup-1.2.0-py3-none-any.whl", hash = "sha256:4bfd3996ac73b41e9b9628b04e079f193850720ea5945fc96a08633c66912f14", size = 16210 },
]

[[package]]
name = "furl"
version = "2.1.3"
source = { registry = "https://pypi.org/simple" }
dependencies = [
    { name = "orderedmultidict" },
    { name = "six" },
]
sdist = { url = "https://files.pythonhosted.org/packages/2a/0a/31a43d63d25f045b88fe7d3267e9ec3ce3820572205a9342c1cdf2ad2ca3/furl-2.1.3.tar.gz", hash = "sha256:5a6188fe2666c484a12159c18be97a1977a71d632ef5bb867ef15f54af39cc4e", size = 44223 }
wheels = [
    { url = "https://files.pythonhosted.org/packages/41/ef/a572e03144d18842c480bd25165ec50ddc20b1744b2aeaaae4408a281f6f/furl-2.1.3-py2.py3-none-any.whl", hash = "sha256:9ab425062c4217f9802508e45feb4a83e54324273ac4b202f1850363309666c0", size = 20880 },
]

[[package]]
name = "idna"
version = "3.2"
source = { registry = "https://pypi.org/simple" }
sdist = { url = "https://files.pythonhosted.org/packages/cb/38/4c4d00ddfa48abe616d7e572e02a04273603db446975ab46bbcd36552005/idna-3.2.tar.gz", hash = "sha256:467fbad99067910785144ce333826c71fb0e63a425657295239737f7ecd125f3", size = 243962 }
wheels = [
    { url = "https://files.pythonhosted.org/packages/d7/77/ff688d1504cdc4db2a938e2b7b9adee5dd52e34efbd2431051efc9984de9/idna-3.2-py3-none-any.whl", hash = "sha256:14475042e284991034cb48e06f6851428fb14c4dc953acd9be9a5e95c7b6dd7a", size = 59633 },
]

[[package]]
name = "orderedmultidict"
version = "1.0.1"
source = { registry = "https://pypi.org/simple" }
dependencies = [
    { name = "six" },
]
sdist = { url = "https://files.pythonhosted.org/packages/53/4e/3823a27d764bb8388711f4cb6f24e58453e92d6928f4163fdb01e3a3789f/orderedmultidict-1.0.1.tar.gz", hash = "sha256:04070bbb5e87291cc9bfa51df413677faf2141c73c61d2a5f7b26bea3cd882ad", size = 20706 }
wheels = [
    { url = "https://files.pythonhosted.org/packages/04/16/5e95c70bda8fe6ea715005c0db8e602400bdba50ae3c72cb380eba551289/orderedmultidict-1.0.1-py2.py3-none-any.whl", hash = "sha256:43c839a17ee3cdd62234c47deca1a8508a3f2ca1d0678a3bf791c87cf84adbf3", size = 11699 },
]

[[package]]
name = "osgithub"
version = "0.5.1"
source = { virtual = "." }
dependencies = [
    { name = "furl" },
    { name = "requests" },
    { name = "requests-cache" },
]

[package.metadata]
requires-dist = [
    { name = "furl", specifier = ">=2.1.3" },
    { name = "requests", specifier = ">=2.31.0" },
    { name = "requests-cache", specifier = ">=1.2.0" },
]

[[package]]
name = "platformdirs"
version = "4.2.0"
source = { registry = "https://pypi.org/simple" }
sdist = { url = "https://files.pythonhosted.org/packages/96/dc/c1d911bf5bb0fdc58cc05010e9f3efe3b67970cef779ba7fbc3183b987a8/platformdirs-4.2.0.tar.gz", hash = "sha256:ef0cc731df711022c174543cb70a9b5bd22e5a9337c8624ef2c2ceb8ddad8768", size = 20055 }
wheels = [
    { url = "https://files.pythonhosted.org/packages/55/72/4898c44ee9ea6f43396fbc23d9bfaf3d06e01b83698bdf2e4c919deceb7c/platformdirs-4.2.0-py3-none-any.whl", hash = "sha256:0614df2a2f37e1a662acbd8e2b25b92ccf8632929bc6d43467e17fe89c75e068", size = 17717 },
]

[[package]]
name = "requests"
version = "2.31.0"
source = { registry = "https://pypi.org/simple" }
dependencies = [
    { name = "certifi" },
    { name = "charset-normalizer" },
    { name = "idna" },
    { name = "urllib3" },
]
sdist = { url = "https://files.pythonhosted.org/packages/9d/be/10918a2eac4ae9f02f6cfe6414b7a155ccd8f7f9d4380d62fd5b955065c3/requests-2.31.0.tar.gz", hash = "sha256:942c5a758f98d790eaed1a29cb6eefc7ffb0d1cf7af05c3d2791656dbd6ad1e1", size = 110794 }
wheels = [
    { url = "https://files.pythonhosted.org/packages/70/8e/0e2d847013cb52cd35b38c009bb167a1a26b2ce6cd6965bf26b47bc0bf44/requests-2.31.0-py3-none-any.whl", hash = "sha256:58cd2187c01e70e6e26505bca751777aa9f2ee0b7f4300988b709f44e013003f", size = 62574 },
]

[[package]]
name = "requests-cache"
version = "1.2.0"
source = { registry = "https://pypi.org/simple" }
dependencies = [
    { name = "attrs" },
    { name = "cattrs" },
    { name = "platformdirs" },
    { name = "requests" },
    { name = "url-normalize" },
    { name = "urllib3" },
]
sdist = { url = "https://files.pythonhosted.org/packages/0c/f6/2a1078b61b5b21718b61500b08e84ecd525d94a162db782c1065f9f571c7/requests_cache-1.2.0.tar.gz", hash = "sha256:db1c709ca343cc1cd5b6c8b1a5387298eceed02306a6040760db538c885e3838", size = 3018038 }
wheels = [
    { url = "https://files.pythonhosted.org/packages/cc/23/863f517b5d74e297e669c88093ecd92e13a06c488e90acbd5507819049ac/requests_cache-1.2.0-py3-none-any.whl", hash = "sha256:490324301bf0cb924ff4e6324bd2613453e7e1f847353928b08adb0fdfb7f722", size = 61409 },
]

[[package]]
name = "six"
version = "1.16.0"
source = { registry = "https://pypi.org/simple" }
sdist = { url = "https://files.pythonhosted.org/packages/71/39/171f1c67cd00715f190ba0b100d606d440a28c93c7714febeca8b79af85e/six-1.16.0.tar.gz", hash = "sha256:1e61c37477a1626458e36f7b1d82aa5c9b094fa4802892072e49de9c60c4c926", size = 34041 }
wheels = [
    { url = "https://files.pythonhosted.org/packages/d9/5a/e7c31adbe875f2abbb91bd84cf2dc52d792b5a01506781dbcf25c91daf11/six-1.16.0-py2.py3-none-any.whl", hash = "sha256:8abb2f1d86890a2dfb989f9a77cfcfd3e47c2a354b01111771326f8aa26e0254", size = 11053 },
]

[[package]]
name = "typing-extensions"
version = "4.9.0"
source = { registry = "https://pypi.org/simple" }
sdist = { url = "https://files.pythonhosted.org/packages/0c/1d/eb26f5e75100d531d7399ae800814b069bc2ed2a7410834d57374d010d96/typing_extensions-4.9.0.tar.gz", hash = "sha256:23478f88c37f27d76ac8aee6c905017a143b0b1b886c3c9f66bc2fd94f9f5783", size = 74918 }
wheels = [
    { url = "https://files.pythonhosted.org/packages/b7/f4/6a90020cd2d93349b442bfcb657d0dc91eee65491600b2cb1d388bc98e6b/typing_extensions-4.9.0-py3-none-any.whl", hash = "sha256:af72aea155e91adfc61c3ae9e0e342dbc0cba726d6cba4b6c72c1f34e47291cd", size = 32750 },
]

[[package]]
name = "url-normalize"
version = "1.4.3"
source = { registry = "https://pypi.org/simple" }
dependencies = [
    { name = "six" },
]
sdist = { url = "https://files.pythonhosted.org/packages/ec/ea/780a38c99fef750897158c0afb83b979def3b379aaac28b31538d24c4e8f/url-normalize-1.4.3.tar.gz", hash = "sha256:d23d3a070ac52a67b83a1c59a0e68f8608d1cd538783b401bc9de2c0fac999b2", size = 6024 }
wheels = [
    { url = "https://files.pythonhosted.org/packages/65/1c/6c6f408be78692fc850006a2b6dea37c2b8592892534e09996e401efc74b/url_normalize-1.4.3-py2.py3-none-any.whl", hash = "sha256:ec3c301f04e5bb676d333a7fa162fa977ad2ca04b7e652bfc9fac4e405728eed", size = 6804 },
]

[[package]]
name = "urllib3"
version = "1.26.18"
source = { registry = "https://pypi.org/simple" }
sdist = { url = "https://files.pythonhosted.org/packages/0c/39/64487bf07df2ed854cc06078c27c0d0abc59bd27b32232876e403c333a08/urllib3-1.26.18.tar.gz", hash = "sha256:f8ecc1bba5667413457c529ab955bf8c67b45db799d159066261719e328580a0", size = 305687 }
wheels = [
    { url = "https://files.pythonhosted.org/packages/b0/53/aa91e163dcfd1e5b82d8a890ecf13314e3e149c05270cc644581f77f17fd/urllib3-1.26.18-py2.py3-none-any.whl", hash = "sha256:34b97092d7e0a3a8cf7cd10e386f401b3737364026c45e622aa02903dffe0f07", size = 143835 },
]
